schema: '2.0'
stages:
  preprocess:
    cmd: python3 pre_process.py
    deps:
    - path: Activity_Recognition_Logs.zip
      md5: 05061832277bcebe4cde53dfd13fbde6
      size: 2843808
    - path: pre_process.py
      md5: 046927127d619d28f42dfdfb0ac253be
      size: 4680
    params:
      params.yaml:
        preprocessing.key: acc
        preprocessing.stride: 10
        preprocessing.window: 100
    outs:
    - path: data
      md5: 9442889a632a0774696f7b0351435c29.dir
      size: 26192924
      nfiles: 32
  classify:
    cmd: python3 classify.py
    deps:
    - path: classify.py
      md5: 373e86587f54e11b8c4462072002096f
      size: 6892
    - path: data
      md5: 9442889a632a0774696f7b0351435c29.dir
      size: 26192924
      nfiles: 32
    params:
      params.yaml:
        feature_selector:
          name: sklearn.feature_selection.SelectKBest
          k: 30
        model:
          name: sklearn.ensemble.RandomForestClassifier
          n_estimators: 10
          max_depth: 1
        pipeline:
        - preprocessor
        - feature_selector
        - model
        preprocessor:
          name: sklearn.preprocessor.StandardScaler
          with_std: true
          with_mean: true
    outs:
    - path: results/balance.png
      md5: 2d39e404c4819fd675cc72b246bf412d
      size: 17959
    - path: results/classification.png
      md5: 058ccaa29c9385106850cc32a05219b9
      size: 38031
    - path: results/confusion.png
      md5: 669c276a04b4178f8bd3831f66b84c03
      size: 27836
    - path: results/rank.png
      md5: 09cd36510d7586f41163b15f2f246284
      size: 112023
    - path: results/scores.json
      md5: 489dc6aff759aa09211ccd5ad1d22668
      size: 169
  print:
    cmd: cat params.yaml
  print-params:
    cmd: cat params.yaml
