schema: '2.0'
stages:
  preprocess:
    cmd: python3 pre_process.py
    deps:
    - path: Activity_Recognition_Logs.zip
      md5: 05061832277bcebe4cde53dfd13fbde6
      size: 2843808
    - path: config.toml
      md5: 3d38e6e2f77d08dd3564e3c20b468437
      size: 532
    - path: pre_process.py
      md5: 29419b472d47af078dd51fb66401969f
      size: 5857
    outs:
    - path: data/
      md5: a118b14c6e02f8e1502092b089a86a81.dir
      size: 41000643
      nfiles: 36
  classify:
    cmd: python3 classify.py
    deps:
    - path: classify.py
      md5: 910e2b4e38900c03e7f4ca6b971933d8
      size: 8693
    - path: data/
      md5: a118b14c6e02f8e1502092b089a86a81.dir
      size: 41000643
      nfiles: 36
    params:
      params.yaml:
        model: sklearn.ensemble.RandomForestClassifier
        params:
        - n_estimators: 100
        - max_depth: 2
        - random_state: 0
    outs:
    - path: config/model.yaml
      md5: 55fd7fd92a76f968372fb782e0c5f955
      size: 105
      isexec: true
    - path: results/balance.png
      md5: 05bec5ea24b1257c684a2717305f2980
      size: 19151
      isexec: true
    - path: results/classification.png
      md5: 3bc5118349d29259667d9fcd334b2cb2
      size: 37334
      isexec: true
    - path: results/confusion.png
      md5: e7e516ec742a20fa637cb9dc21fb1634
      size: 27441
      isexec: true
    - path: results/rank.png
      md5: 5ac2344df15bf81104995e52c908e956
      size: 57306
      isexec: true
    - path: results/scores.json
      md5: 984bec3b05fc99883e19c477a5fa8667
      size: 169
      isexec: true
